
Microsoft Visual Studio Solution File, Format Version 12.00
# Visual Studio 14
VisualStudioVersion = 14.0.24720.0
MinimumVisualStudioVersion = 10.0.40219.1
Project("{2150E333-8FDC-42A3-9474-1A3956D46DE8}") = ".paket", ".paket", "{E6B5B493-7BD0-46F3-A52B-25698A127BC3}"
	ProjectSection(SolutionItems) = preProject
		paket.dependencies = paket.dependencies
		paket.lock = paket.lock
	EndProjectSection
EndProject
Project("{F2A71F9B-5D33-465A-A702-920D77279786}") = "FunDomain.Persistence.NEventStore", "FunDomain.Persistence.NEventStore\FunDomain.Persistence.NEventStore.fsproj", "{7A26B0DC-7834-497A-9E88-91D1FC15E10B}"
EndProject
Project("{F2A71F9B-5D33-465A-A702-920D77279786}") = "FunDomain.Persistence.NEventStore.Acceptance", "FunDomain.Persistence.NEventStore.Acceptance\FunDomain.Persistence.NEventStore.Acceptance.fsproj", "{483336F5-083A-49C1-AE4B-A3E7DDCD3E60}"
EndProject
Project("{F2A71F9B-5D33-465A-A702-920D77279786}") = "FunDomain", "FunDomain\FunDomain.fsproj", "{B163B5C5-E0F9-4C92-A823-612F32D84693}"
EndProject
Project("{F2A71F9B-5D33-465A-A702-920D77279786}") = "Uno", "Samples\Uno\Uno.fsproj", "{4EE8261C-4629-4B28-A141-9C210C5235A9}"
EndProject
Project("{F2A71F9B-5D33-465A-A702-920D77279786}") = "Uno.Tests", "Samples\Uno.Tests\Uno.Tests.fsproj", "{4BC74EB0-B9F1-4CFB-A4F1-C85505BD8698}"
EndProject
Project("{F2A71F9B-5D33-465A-A702-920D77279786}") = "FunDomain.Tests", "FunDomain.Tests\FunDomain.Tests.fsproj", "{2B266883-0FF6-4F17-9D8B-5F90B6A93B15}"
EndProject
Project("{F2A71F9B-5D33-465A-A702-920D77279786}") = "FunDomain.Persistence.EventStore", "FunDomain.Persistence.EventStore\FunDomain.Persistence.EventStore.fsproj", "{7F6B835C-7627-46A8-88DD-AF4C9EADA0EE}"
EndProject
Project("{F2A71F9B-5D33-465A-A702-920D77279786}") = "FunDomain.Persistence.EventStore.Acceptance", "FunDomain.Persistence.EventStore.Acceptance\FunDomain.Persistence.EventStore.Acceptance.fsproj", "{55B61236-4168-4FA8-92E3-D298897F1979}"
EndProject
Project("{2150E333-8FDC-42A3-9474-1A3956D46DE8}") = "Solution Items", "Solution Items", "{B827F641-0ED0-474D-94FB-03BD85071E83}"
	ProjectSection(SolutionItems) = preProject
		.gitattributes = .gitattributes
		.gitignore = .gitignore
		README.md = README.md
	EndProjectSection
EndProject
Project("{2150E333-8FDC-42A3-9474-1A3956D46DE8}") = ".build", ".build", "{11FD159C-B533-4EAB-869E-615A29E84B6E}"
	ProjectSection(SolutionItems) = preProject
		build.cmd = build.cmd
		build.fsx = build.fsx
	EndProjectSection
EndProject
Global
	GlobalSection(SolutionConfigurationPlatforms) = preSolution
		Debug|Any CPU = Debug|Any CPU
		Release|Any CPU = Release|Any CPU
	EndGlobalSection
	GlobalSection(ProjectConfigurationPlatforms) = postSolution
		{7A26B0DC-7834-497A-9E88-91D1FC15E10B}.Debug|Any CPU.ActiveCfg = Debug|Any CPU
		{7A26B0DC-7834-497A-9E88-91D1FC15E10B}.Debug|Any CPU.Build.0 = Debug|Any CPU
		{7A26B0DC-7834-497A-9E88-91D1FC15E10B}.Release|Any CPU.ActiveCfg = Release|Any CPU
		{7A26B0DC-7834-497A-9E88-91D1FC15E10B}.Release|Any CPU.Build.0 = Release|Any CPU
		{483336F5-083A-49C1-AE4B-A3E7DDCD3E60}.Debug|Any CPU.ActiveCfg = Debug|Any CPU
		{483336F5-083A-49C1-AE4B-A3E7DDCD3E60}.Debug|Any CPU.Build.0 = Debug|Any CPU
		{483336F5-083A-49C1-AE4B-A3E7DDCD3E60}.Release|Any CPU.ActiveCfg = Release|Any CPU
		{483336F5-083A-49C1-AE4B-A3E7DDCD3E60}.Release|Any CPU.Build.0 = Release|Any CPU
		{B163B5C5-E0F9-4C92-A823-612F32D84693}.Debug|Any CPU.ActiveCfg = Debug|Any CPU
		{B163B5C5-E0F9-4C92-A823-612F32D84693}.Debug|Any CPU.Build.0 = Debug|Any CPU
		{B163B5C5-E0F9-4C92-A823-612F32D84693}.Release|Any CPU.ActiveCfg = Release|Any CPU
		{B163B5C5-E0F9-4C92-A823-612F32D84693}.Release|Any CPU.Build.0 = Release|Any CPU
		{4EE8261C-4629-4B28-A141-9C210C5235A9}.Debug|Any CPU.ActiveCfg = Debug|Any CPU
		{4EE8261C-4629-4B28-A141-9C210C5235A9}.Debug|Any CPU.Build.0 = Debug|Any CPU
		{4EE8261C-4629-4B28-A141-9C210C5235A9}.Release|Any CPU.ActiveCfg = Release|Any CPU
		{4EE8261C-4629-4B28-A141-9C210C5235A9}.Release|Any CPU.Build.0 = Release|Any CPU
		{4BC74EB0-B9F1-4CFB-A4F1-C85505BD8698}.Debug|Any CPU.ActiveCfg = Debug|Any CPU
		{4BC74EB0-B9F1-4CFB-A4F1-C85505BD8698}.Debug|Any CPU.Build.0 = Debug|Any CPU
		{4BC74EB0-B9F1-4CFB-A4F1-C85505BD8698}.Release|Any CPU.ActiveCfg = Release|Any CPU
		{4BC74EB0-B9F1-4CFB-A4F1-C85505BD8698}.Release|Any CPU.Build.0 = Release|Any CPU
		{2B266883-0FF6-4F17-9D8B-5F90B6A93B15}.Debug|Any CPU.ActiveCfg = Debug|Any CPU
		{2B266883-0FF6-4F17-9D8B-5F90B6A93B15}.Debug|Any CPU.Build.0 = Debug|Any CPU
		{2B266883-0FF6-4F17-9D8B-5F90B6A93B15}.Release|Any CPU.ActiveCfg = Release|Any CPU
		{2B266883-0FF6-4F17-9D8B-5F90B6A93B15}.Release|Any CPU.Build.0 = Release|Any CPU
		{7F6B835C-7627-46A8-88DD-AF4C9EADA0EE}.Debug|Any CPU.ActiveCfg = Debug|Any CPU
		{7F6B835C-7627-46A8-88DD-AF4C9EADA0EE}.Debug|Any CPU.Build.0 = Debug|Any CPU
		{7F6B835C-7627-46A8-88DD-AF4C9EADA0EE}.Release|Any CPU.ActiveCfg = Release|Any CPU
		{7F6B835C-7627-46A8-88DD-AF4C9EADA0EE}.Release|Any CPU.Build.0 = Release|Any CPU
		{55B61236-4168-4FA8-92E3-D298897F1979}.Debug|Any CPU.ActiveCfg = Debug|Any CPU
		{55B61236-4168-4FA8-92E3-D298897F1979}.Debug|Any CPU.Build.0 = Debug|Any CPU
		{55B61236-4168-4FA8-92E3-D298897F1979}.Release|Any CPU.ActiveCfg = Release|Any CPU
		{55B61236-4168-4FA8-92E3-D298897F1979}.Release|Any CPU.Build.0 = Release|Any CPU
	EndGlobalSection
	GlobalSection(SolutionProperties) = preSolution
		HideSolutionNode = FALSE
	EndGlobalSection
EndGlobal
